
Microsoft Visual Studio Solution File, Format Version 12.00
# Visual Studio Version 17
VisualStudioVersion = 17.2.32519.379
MinimumVisualStudioVersion = 10.0.40219.1
Project("{FAE04EC0-301F-11D3-BF4B-00C04F79EFBC}") = "pryEstructuraDatos", "pryEstructuraDatos.csproj", "{D64E4D55-129F-440B-B4CF-4B5C3B58FD24}"
EndProject
Global
	GlobalSection(SolutionConfigurationPlatforms) = preSolution
		Debug|Any CPU = Debug|Any CPU
		Release|Any CPU = Release|Any CPU
	EndGlobalSection
	GlobalSection(ProjectConfigurationPlatforms) = postSolution
		{D64E4D55-129F-440B-B4CF-4B5C3B58FD24}.Debug|Any CPU.ActiveCfg = Debug|Any CPU
		{D64E4D55-129F-440B-B4CF-4B5C3B58FD24}.Debug|Any CPU.Build.0 = Debug|Any CPU
		{D64E4D55-129F-440B-B4CF-4B5C3B58FD24}.Release|Any CPU.ActiveCfg = Release|Any CPU
		{D64E4D55-129F-440B-B4CF-4B5C3B58FD24}.Release|Any CPU.Build.0 = Release|Any CPU
	EndGlobalSection
	GlobalSection(SolutionProperties) = preSolution
		HideSolutionNode = FALSE
	EndGlobalSection
	GlobalSection(ExtensibilityGlobals) = postSolution
		SolutionGuid = {24A9CA1D-CB67-4506-BC5C-FFD52B53BFE3}
	EndGlobalSection
EndGlobal
